# THIS IS AN AUTOGENERATED FILE. DO NOT EDIT THIS FILE DIRECTLY.
# yarn lockfile v1


qrcode.vue@^3.10.0:
  version "3.10.0"
  resolved "https://registry.yarnpkg.com/qrcode.vue/-/qrcode.vue-3.10.0.tgz#0300e75e5f09a536e50e6883a14828f75c208efa"
  integrity sha512-1bjeBds9hRKMszZuBuYQZor9HdJYWtb0S44HG1JofZ9uicpJpdF+TtDvqo3+2ZlH0k80WVIkmiKB4hq0/N6/rA==
